// !$*UTF8*$!
{
	archiveVersion = 1;
	classes = {
	};
	objectVersion = 46;
	objects = {

/* Begin PBXBuildFile section */
		25C302CA1CBBC16500F323DE /* AppDelegate.m in Sources */ = {isa = PBXBuildFile; fileRef = 25C302C91CBBC16500F323DE /* AppDelegate.m */; };
		25C302CD1CBBC16500F323DE /* main.m in Sources */ = {isa = PBXBuildFile; fileRef = 25C302CC1CBBC16500F323DE /* main.m */; };
		25C302D01CBBC16500F323DE /* ViewController.m in Sources */ = {isa = PBXBuildFile; fileRef = 25C302CF1CBBC16500F323DE /* ViewController.m */; };
		25C302D21CBBC16500F323DE /* Assets.xcassets in Resources */ = {isa = PBXBuildFile; fileRef = 25C302D11CBBC16500F323DE /* Assets.xcassets */; };
		25C302D51CBBC16500F323DE /* Main.storyboard in Resources */ = {isa = PBXBuildFile; fileRef = 25C302D31CBBC16500F323DE /* Main.storyboard */; };
/* End PBXBuildFile section */

/* Begin PBXFileReference section */
		25C302C51CBBC16500F323DE /* EasyPackage.app */ = {isa = PBXFileReference; explicitFileType = wrapper.application; includeInIndex = 0; path = EasyPackage.app; sourceTree = BUILT_PRODUCTS_DIR; };
		25C302C81CBBC16500F323DE /* AppDelegate.h */ = {isa = PBXFileReference; lastKnownFileType = sourcecode.c.h; path = AppDelegate.h; sourceTree = "<group>"; };
		25C302C91CBBC16500F323DE /* AppDelegate.m */ = {isa = PBXFileReference; lastKnownFileType = sourcecode.c.objc; path = AppDelegate.m; sourceTree = "<group>"; };
		25C302CC1CBBC16500F323DE /* main.m */ = {isa = PBXFileReference; lastKnownFileType = sourcecode.c.objc; path = main.m; sourceTree = "<group>"; };
		25C302CE1CBBC16500F323DE /* ViewController.h */ = {isa = PBXFileReference; lastKnownFileType = sourcecode.c.h; path = ViewController.h; sourceTree = "<group>"; };
		25C302CF1CBBC16500F323DE /* ViewController.m */ = {isa = PBXFileReference; lastKnownFileType = sourcecode.c.objc; path = ViewController.m; sourceTree = "<group>"; };
		25C302D11CBBC16500F323DE /* Assets.xcassets */ = {isa = PBXFileReference; lastKnownFileType = folder.assetcatalog; path = Assets.xcassets; sourceTree = "<group>"; };
		25C302D41CBBC16500F323DE /* Base */ = {isa = PBXFileReference; lastKnownFileType = file.storyboard; name = Base; path = Base.lproj/Main.storyboard; sourceTree = "<group>"; };
		25C302D61CBBC16500F323DE /* Info.plist */ = {isa = PBXFileReference; lastKnownFileType = text.plist.xml; path = Info.plist; sourceTree = "<group>"; };
/* End PBXFileReference section */

/* Begin PBXFrameworksBuildPhase section */
		25C302C21CBBC16500F323DE /* Frameworks */ = {
			isa = PBXFrameworksBuildPhase;
			buildActionMask = 2147483647;
			files = (
			);
			runOnlyForDeploymentPostprocessing = 0;
		};
/* End PBXFrameworksBuildPhase section */

/* Begin PBXGroup section */
		25C302BC1CBBC16500F323DE = {
			isa = PBXGroup;
			children = (
				25C302C71CBBC16500F323DE /* EasyPackage */,
				25C302C61CBBC16500F323DE /* Products */,
			);
			sourceTree = "<group>";
		};
		25C302C61CBBC16500F323DE /* Products */ = {
			isa = PBXGroup;
			children = (
				25C302C51CBBC16500F323DE /* EasyPackage.app */,
			);
			name = Products;
			sourceTree = "<group>";
		};
		25C302C71CBBC16500F323DE /* EasyPackage */ = {
			isa = PBXGroup;
			children = (
				25C302C81CBBC16500F323DE /* AppDelegate.h */,
				25C302C91CBBC16500F323DE /* AppDelegate.m */,
				25C302CE1CBBC16500F323DE /* ViewController.h */,
				25C302CF1CBBC16500F323DE /* ViewController.m */,
				25C302D11CBBC16500F323DE /* Assets.xcassets */,
				25C302D31CBBC16500F323DE /* Main.storyboard */,
				25C302D61CBBC16500F323DE /* Info.plist */,
				25C302CB1CBBC16500F323DE /* Supporting Files */,
			);
			path = EasyPackage;
			sourceTree = "<group>";
		};
		25C302CB1CBBC16500F323DE /* Supporting Files */ = {
			isa = PBXGroup;
			children = (
				25C302CC1CBBC16500F323DE /* main.m */,
			);
			name = "Supporting Files";
			sourceTree = "<group>";
		};
/* End PBXGroup section */

/* Begin PBXNativeTarget section */
		25C302C41CBBC16500F323DE /* EasyPackage */ = {
			isa = PBXNativeTarget;
			buildConfigurationList = 25C302D91CBBC16500F323DE /* Build configuration list for PBXNativeTarget "EasyPackage" */;
			buildPhases = (
				25C302C11CBBC16500F323DE /* Sources */,
				25C302C21CBBC16500F323DE /* Frameworks */,
				25C302C31CBBC16500F323DE /* Resources */,
			);
			buildRules = (
			);
			dependencies = (
			);
			name = EasyPackage;
			productName = EasyPackage;
			productReference = 25C302C51CBBC16500F323DE /* EasyPackage.app */;
			productType = "com.apple.product-type.application";
		};
/* End PBXNativeTarget section */

/* Begin PBXProject section */
		25C302BD1CBBC16500F323DE /* Project object */ = {
			isa = PBXProject;
			attributes = {
				LastUpgradeCheck = 0720;
				ORGANIZATIONNAME = zhouyong;
				TargetAttributes = {
					25C302C41CBBC16500F323DE = {
						CreatedOnToolsVersion = 7.2.1;
					};
				};
			};
			buildConfigurationList = 25C302C01CBBC16500F323DE /* Build configuration list for PBXProject "EasyPackage" */;
			compatibilityVersion = "Xcode 3.2";
			developmentRegion = English;
			hasScannedForEncodings = 0;
			knownRegions = (
				en,
				Base,
			);
			mainGroup = 25C302BC1CBBC16500F323DE;
			productRefGroup = 25C302C61CBBC16500F323DE /* Products */;
			projectDirPath = "";
			projectRoot = "";
			targets = (
				25C302C41CBBC16500F323DE /* EasyPackage */,
			);
		};
/* End PBXProject section */

/* Begin PBXResourcesBuildPhase section */
		25C302C31CBBC16500F323DE /* Resources */ = {
			isa = PBXResourcesBuildPhase;
			buildActionMask = 2147483647;
			files = (
				25C302D21CBBC16500F323DE /* Assets.xcassets in Resources */,
				25C302D51CBBC16500F323DE /* Main.storyboard in Resources */,
			);
			runOnlyForDeploymentPostprocessing = 0;
		};
/* End PBXResourcesBuildPhase section */

/* Begin PBXSourcesBuildPhase section */
		25C302C11CBBC16500F323DE /* Sources */ = {
			isa = PBXSourcesBuildPhase;
			buildActionMask = 2147483647;
			files = (
				25C302D01CBBC16500F323DE /* ViewController.m in Sources */,
				25C302CD1CBBC16500F323DE /* main.m in Sources */,
				25C302CA1CBBC16500F323DE /* AppDelegate.m in Sources */,
			);
			runOnlyForDeploymentPostprocessing = 0;
		};
/* End PBXSourcesBuildPhase section */

/* Begin PBXVariantGroup section */
		25C302D31CBBC16500F323DE /* Main.storyboard */ = {
			isa = PBXVariantGroup;
			children = (
				25C302D41CBBC16500F323DE /* Base */,
			);
			name = Main.storyboard;
			sourceTree = "<group>";
		};
/* End PBXVariantGroup section */

/* Begin XCBuildConfiguration section */
		25C302D71CBBC16500F323DE /* Debug */ = {
			isa = XCBuildConfiguration;
			buildSettings = {
				ALWAYS_SEARCH_USER_PATHS = NO;
				CLANG_CXX_LANGUAGE_STANDARD = "gnu++0x";
				CLANG_CXX_LIBRARY = "libc++";
				CLANG_ENABLE_MODULES = YES;
				CLANG_ENABLE_OBJC_ARC = YES;
				CLANG_WARN_BOOL_CONVERSION = YES;
				CLANG_WARN_CONSTANT_CONVERSION = YES;
				CLANG_WARN_DIRECT_OBJC_ISA_USAGE = YES_ERROR;
				CLANG_WARN_EMPTY_BODY = YES;
				CLANG_WARN_ENUM_CONVERSION = YES;
				CLANG_WARN_INT_CONVERSION = YES;
				CLANG_WARN_OBJC_ROOT_CLASS = YES_ERROR;
				CLANG_WARN_UNREACHABLE_CODE = YES;
				CLANG_WARN__DUPLICATE_METHOD_MATCH = YES;
				CODE_SIGN_IDENTITY = "-";
				COPY_PHASE_STRIP = NO;
				DEBUG_INFORMATION_FORMAT = dwarf;
				ENABLE_STRICT_OBJC_MSGSEND = YES;
				ENABLE_TESTABILITY = YES;
				GCC_C_LANGUAGE_STANDARD = gnu99;
				GCC_DYNAMIC_NO_PIC = NO;
				GCC_NO_COMMON_BLOCKS = YES;
				GCC_OPTIMIZATION_LEVEL = 0;
				GCC_PREPROCESSOR_DEFINITIONS = (
					"DEBUG=1",
					"$(inherited)",
				);
				GCC_WARN_64_TO_32_BIT_CONVERSION = YES;
				GCC_WARN_ABOUT_RETURN_TYPE = YES_ERROR;
				GCC_WARN_UNDECLARED_SELECTOR = YES;
				GCC_WARN_UNINITIALIZED_AUTOS = YES_AGGRESSIVE;
				GCC_WARN_UNUSED_FUNCTION = YES;
				GCC_WARN_UNUSED_VARIABLE = YES;
				MACOSX_DEPLOYMENT_TARGET = 10.10;
				MTL_ENABLE_DEBUG_INFO = YES;
				ONLY_ACTIVE_ARCH = YES;
				SDKROOT = macosx;
			};
			name = Debug;
		};
		25C302D81CBBC16500F323DE /* Release */ = {
			isa = XCBuildConfiguration;
			buildSettings = {
				ALWAYS_SEARCH_USER_PATHS = NO;
				CLANG_CXX_LANGUAGE_STANDARD = "gnu++0x";
				CLANG_CXX_LIBRARY = "libc++";
				CLANG_ENABLE_MODULES = YES;
				CLANG_ENABLE_OBJC_ARC = YES;
				CLANG_WARN_BOOL_CONVERSION = YES;
				CLANG_WARN_CONSTANT_CONVERSION = YES;
				CLANG_WARN_DIRECT_OBJC_ISA_USAGE = YES_ERROR;
				CLANG_WARN_EMPTY_BODY = YES;
				CLANG_WARN_ENUM_CONVERSION = YES;
				CLANG_WARN_INT_CONVERSION = YES;
				CLANG_WARN_OBJC_ROOT_CLASS = YES_ERROR;
				CLANG_WARN_UNREACHABLE_CODE = YES;
				CLANG_WARN__DUPLICATE_METHOD_MATCH = YES;
				CODE_SIGN_IDENTITY = "-";
				COPY_PHASE_STRIP = NO;
				DEBUG_INFORMATION_FORMAT = "dwarf-with-dsym";
				ENABLE_NS_ASSERTIONS = NO;
				ENABLE_STRICT_OBJC_MSGSEND = YES;
				GCC_C_LANGUAGE_STANDARD = gnu99;
				GCC_NO_COMMON_BLOCKS = YES;
				GCC_WARN_64_TO_32_BIT_CONVERSION = YES;
				GCC_WARN_ABOUT_RETURN_TYPE = YES_ERROR;
				GCC_WARN_UNDECLARED_SELECTOR = YES;
				GCC_WARN_UNINITIALIZED_AUTOS = YES_AGGRESSIVE;
				GCC_WARN_UNUSED_FUNCTION = YES;
				GCC_WARN_UNUSED_VARIABLE = YES;
				MACOSX_DEPLOYMENT_TARGET = 10.10;
				MTL_ENABLE_DEBUG_INFO = NO;
				SDKROOT = macosx;
			};
			name = Release;
		};
		25C302DA1CBBC16500F323DE /* Debug */ = {
			isa = XCBuildConfiguration;
			buildSettings = {
				ASSETCATALOG_COMPILER_APPICON_NAME = AppIcon;
				COMBINE_HIDPI_IMAGES = YES;
				INFOPLIST_FILE = EasyPackage/Info.plist;
				LD_RUNPATH_SEARCH_PATHS = "$(inherited) @executable_path/../Frameworks";
				PRODUCT_BUNDLE_IDENTIFIER = com.sytuzhouyong.EasyPackage;
				PRODUCT_NAME = "$(TARGET_NAME)";
			};
			name = Debug;
		};
		25C302DB1CBBC16500F323DE /* Release */ = {
			isa = XCBuildConfiguration;
			buildSettings = {
				ASSETCATALOG_COMPILER_APPICON_NAME = AppIcon;
				COMBINE_HIDPI_IMAGES = YES;
				INFOPLIST_FILE = EasyPackage/Info.plist;
				LD_RUNPATH_SEARCH_PATHS = "$(inherited) @executable_path/../Frameworks";
				PRODUCT_BUNDLE_IDENTIFIER = com.sytuzhouyong.EasyPackage;
				PRODUCT_NAME = "$(TARGET_NAME)";
			};
			name = Release;
		};
/* End XCBuildConfiguration section */

/* Begin XCConfigurationList section */
		25C302C01CBBC16500F323DE /* Build configuration list for PBXProject "EasyPackage" */ = {
			isa = XCConfigurationList;
			buildConfigurations = (
				25C302D71CBBC16500F323DE /* Debug */,
				25C302D81CBBC16500F323DE /* Release */,
			);
			defaultConfigurationIsVisible = 0;
			defaultConfigurationName = Release;
		};
		25C302D91CBBC16500F323DE /* Build configuration list for PBXNativeTarget "EasyPackage" */ = {
			isa = XCConfigurationList;
			buildConfigurations = (
				25C302DA1CBBC16500F323DE /* Debug */,
				25C302DB1CBBC16500F323DE /* Release */,
			);
			defaultConfigurationIsVisible = 0;
			defaultConfigurationName = Release;
		};
/* End XCConfigurationList section */
	};
	rootObject = 25C302BD1CBBC16500F323DE /* Project object */;
}
